
Microsoft Visual Studio Solution File, Format Version 12.00
# Visual Studio Version 17
VisualStudioVersion = 17.11.35312.102
MinimumVisualStudioVersion = 10.0.40219.1
Project("{FAE04EC0-301F-11D3-BF4B-00C04F79EFBC}") = "FAMApp", "FAMApp.csproj", "{D18D767F-2100-4DE6-A797-6FE1A8D042D8}"
EndProject
Global
	GlobalSection(SolutionConfigurationPlatforms) = preSolution
		Debug|Any CPU = Debug|Any CPU
		Release|Any CPU = Release|Any CPU
	EndGlobalSection
	GlobalSection(ProjectConfigurationPlatforms) = postSolution
		{D18D767F-2100-4DE6-A797-6FE1A8D042D8}.Debug|Any CPU.ActiveCfg = Debug|Any CPU
		{D18D767F-2100-4DE6-A797-6FE1A8D042D8}.Debug|Any CPU.Build.0 = Debug|Any CPU
		{D18D767F-2100-4DE6-A797-6FE1A8D042D8}.Release|Any CPU.ActiveCfg = Release|Any CPU
		{D18D767F-2100-4DE6-A797-6FE1A8D042D8}.Release|Any CPU.Build.0 = Release|Any CPU
	EndGlobalSection
	GlobalSection(SolutionProperties) = preSolution
		HideSolutionNode = FALSE
	EndGlobalSection
	GlobalSection(ExtensibilityGlobals) = postSolution
		SolutionGuid = {427B968C-D369-463A-B415-CF40772C6EAA}
	EndGlobalSection
EndGlobal
